
Microsoft Visual Studio Solution File, Format Version 12.00
# Visual Studio Version 17
VisualStudioVersion = 17.1.32421.90
MinimumVisualStudioVersion = 10.0.40219.1
Project("{FAE04EC0-301F-11D3-BF4B-00C04F79EFBC}") = "Shopping", "Shopping\Shopping.csproj", "{326FEE13-2106-40E4-BF08-9134F4633E23}"
EndProject
Global
	GlobalSection(SolutionConfigurationPlatforms) = preSolution
		Debug|Any CPU = Debug|Any CPU
		Release|Any CPU = Release|Any CPU
	EndGlobalSection
	GlobalSection(ProjectConfigurationPlatforms) = postSolution
		{326FEE13-2106-40E4-BF08-9134F4633E23}.Debug|Any CPU.ActiveCfg = Debug|Any CPU
		{326FEE13-2106-40E4-BF08-9134F4633E23}.Debug|Any CPU.Build.0 = Debug|Any CPU
		{326FEE13-2106-40E4-BF08-9134F4633E23}.Release|Any CPU.ActiveCfg = Release|Any CPU
		{326FEE13-2106-40E4-BF08-9134F4633E23}.Release|Any CPU.Build.0 = Release|Any CPU
	EndGlobalSection
	GlobalSection(SolutionProperties) = preSolution
		HideSolutionNode = FALSE
	EndGlobalSection
	GlobalSection(ExtensibilityGlobals) = postSolution
		SolutionGuid = {862D7B87-93C4-46C5-A396-B0DDDDC70A8F}
	EndGlobalSection
EndGlobal
